// !$*UTF8*$!
{
	archiveVersion = 1;
	classes = {
	};
	objectVersion = 50;
	objects = {

/* Begin PBXBuildFile section */
		5909E8DD26770DC8007605D6 /* CoinModel.swift in Sources */ = {isa = PBXBuildFile; fileRef = 5909E8DC26770DC8007605D6 /* CoinModel.swift */; };
		5909E8DF267720AC007605D6 /* CoinRowView.swift in Sources */ = {isa = PBXBuildFile; fileRef = 5909E8DE267720AC007605D6 /* CoinRowView.swift */; };
		5909E8E12677219B007605D6 /* PreviewProvider.swift in Sources */ = {isa = PBXBuildFile; fileRef = 5909E8E02677219A007605D6 /* PreviewProvider.swift */; };
		5909E8E326772915007605D6 /* Double.swift in Sources */ = {isa = PBXBuildFile; fileRef = 5909E8E226772915007605D6 /* Double.swift */; };
		5909E8E626775B2D007605D6 /* HomeViewModel.swift in Sources */ = {isa = PBXBuildFile; fileRef = 5909E8E526775B2D007605D6 /* HomeViewModel.swift */; };
		5909E8E926776CDF007605D6 /* CoinDataService.swift in Sources */ = {isa = PBXBuildFile; fileRef = 5909E8E826776CDF007605D6 /* CoinDataService.swift */; };
		591F36F72675E37200930580 /* CryptoAppApp.swift in Sources */ = {isa = PBXBuildFile; fileRef = 591F36F62675E37200930580 /* CryptoAppApp.swift */; };
		591F36F92675E37200930580 /* ContentView.swift in Sources */ = {isa = PBXBuildFile; fileRef = 591F36F82675E37200930580 /* ContentView.swift */; };
		591F36FB2675E37900930580 /* Assets.xcassets in Resources */ = {isa = PBXBuildFile; fileRef = 591F36FA2675E37900930580 /* Assets.xcassets */; };
		591F36FE2675E37900930580 /* Preview Assets.xcassets in Resources */ = {isa = PBXBuildFile; fileRef = 591F36FD2675E37900930580 /* Preview Assets.xcassets */; };
		591F3707267609FE00930580 /* Color.swift in Sources */ = {isa = PBXBuildFile; fileRef = 591F3706267609FE00930580 /* Color.swift */; };
		591F370C26760CB500930580 /* HomeView.swift in Sources */ = {isa = PBXBuildFile; fileRef = 591F370B26760CB500930580 /* HomeView.swift */; };
		591F3710267610CB00930580 /* CircleButtonView.swift in Sources */ = {isa = PBXBuildFile; fileRef = 591F370F267610CB00930580 /* CircleButtonView.swift */; };
		591F37122676273000930580 /* CircleButtonAnimationView.swift in Sources */ = {isa = PBXBuildFile; fileRef = 591F37112676273000930580 /* CircleButtonAnimationView.swift */; };
		59AD01632679BD4900755D39 /* NetworkingManager.swift in Sources */ = {isa = PBXBuildFile; fileRef = 59AD01622679BD4900755D39 /* NetworkingManager.swift */; };
		59AD01662679D66E00755D39 /* CoinImageView.swift in Sources */ = {isa = PBXBuildFile; fileRef = 59AD01652679D66E00755D39 /* CoinImageView.swift */; };
		59AD01682679DA2800755D39 /* CoinImageService.swift in Sources */ = {isa = PBXBuildFile; fileRef = 59AD01672679DA2800755D39 /* CoinImageService.swift */; };
		59AD016A2679DC5F00755D39 /* CoinImageViewModel.swift in Sources */ = {isa = PBXBuildFile; fileRef = 59AD01692679DC5F00755D39 /* CoinImageViewModel.swift */; };
		59AD016C267A0F3B00755D39 /* LocalFileManager.swift in Sources */ = {isa = PBXBuildFile; fileRef = 59AD016B267A0F3B00755D39 /* LocalFileManager.swift */; };
		CBC9434C267FAAE20033FD6C /* SearchBarView.swift in Sources */ = {isa = PBXBuildFile; fileRef = CBC9434B267FAAE20033FD6C /* SearchBarView.swift */; };
		CBC9434E267FBB750033FD6C /* UIApplication.swift in Sources */ = {isa = PBXBuildFile; fileRef = CBC9434D267FBB750033FD6C /* UIApplication.swift */; };
/* End PBXBuildFile section */

/* Begin PBXFileReference section */
		5909E8DC26770DC8007605D6 /* CoinModel.swift */ = {isa = PBXFileReference; lastKnownFileType = sourcecode.swift; path = CoinModel.swift; sourceTree = "<group>"; };
		5909E8DE267720AC007605D6 /* CoinRowView.swift */ = {isa = PBXFileReference; lastKnownFileType = sourcecode.swift; path = CoinRowView.swift; sourceTree = "<group>"; };
		5909E8E02677219A007605D6 /* PreviewProvider.swift */ = {isa = PBXFileReference; lastKnownFileType = sourcecode.swift; path = PreviewProvider.swift; sourceTree = "<group>"; };
		5909E8E226772915007605D6 /* Double.swift */ = {isa = PBXFileReference; lastKnownFileType = sourcecode.swift; path = Double.swift; sourceTree = "<group>"; };
		5909E8E526775B2D007605D6 /* HomeViewModel.swift */ = {isa = PBXFileReference; lastKnownFileType = sourcecode.swift; path = HomeViewModel.swift; sourceTree = "<group>"; };
		5909E8E826776CDF007605D6 /* CoinDataService.swift */ = {isa = PBXFileReference; lastKnownFileType = sourcecode.swift; path = CoinDataService.swift; sourceTree = "<group>"; };
		591F36F32675E37200930580 /* CryptoApp.app */ = {isa = PBXFileReference; explicitFileType = wrapper.application; includeInIndex = 0; path = CryptoApp.app; sourceTree = BUILT_PRODUCTS_DIR; };
		591F36F62675E37200930580 /* CryptoAppApp.swift */ = {isa = PBXFileReference; lastKnownFileType = sourcecode.swift; path = CryptoAppApp.swift; sourceTree = "<group>"; };
		591F36F82675E37200930580 /* ContentView.swift */ = {isa = PBXFileReference; lastKnownFileType = sourcecode.swift; path = ContentView.swift; sourceTree = "<group>"; };
		591F36FA2675E37900930580 /* Assets.xcassets */ = {isa = PBXFileReference; lastKnownFileType = folder.assetcatalog; path = Assets.xcassets; sourceTree = "<group>"; };
		591F36FD2675E37900930580 /* Preview Assets.xcassets */ = {isa = PBXFileReference; lastKnownFileType = folder.assetcatalog; path = "Preview Assets.xcassets"; sourceTree = "<group>"; };
		591F36FF2675E37900930580 /* Info.plist */ = {isa = PBXFileReference; lastKnownFileType = text.plist.xml; path = Info.plist; sourceTree = "<group>"; };
		591F3706267609FE00930580 /* Color.swift */ = {isa = PBXFileReference; lastKnownFileType = sourcecode.swift; path = Color.swift; sourceTree = "<group>"; };
		591F370B26760CB500930580 /* HomeView.swift */ = {isa = PBXFileReference; lastKnownFileType = sourcecode.swift; path = HomeView.swift; sourceTree = "<group>"; };
		591F370F267610CB00930580 /* CircleButtonView.swift */ = {isa = PBXFileReference; lastKnownFileType = sourcecode.swift; path = CircleButtonView.swift; sourceTree = "<group>"; };
		591F37112676273000930580 /* CircleButtonAnimationView.swift */ = {isa = PBXFileReference; lastKnownFileType = sourcecode.swift; path = CircleButtonAnimationView.swift; sourceTree = "<group>"; };
		59AD01622679BD4900755D39 /* NetworkingManager.swift */ = {isa = PBXFileReference; lastKnownFileType = sourcecode.swift; path = NetworkingManager.swift; sourceTree = "<group>"; };
		59AD01652679D66E00755D39 /* CoinImageView.swift */ = {isa = PBXFileReference; lastKnownFileType = sourcecode.swift; path = CoinImageView.swift; sourceTree = "<group>"; };
		59AD01672679DA2800755D39 /* CoinImageService.swift */ = {isa = PBXFileReference; lastKnownFileType = sourcecode.swift; path = CoinImageService.swift; sourceTree = "<group>"; };
		59AD01692679DC5F00755D39 /* CoinImageViewModel.swift */ = {isa = PBXFileReference; lastKnownFileType = sourcecode.swift; path = CoinImageViewModel.swift; sourceTree = "<group>"; };
		59AD016B267A0F3B00755D39 /* LocalFileManager.swift */ = {isa = PBXFileReference; lastKnownFileType = sourcecode.swift; path = LocalFileManager.swift; sourceTree = "<group>"; };
		CBC9434B267FAAE20033FD6C /* SearchBarView.swift */ = {isa = PBXFileReference; lastKnownFileType = sourcecode.swift; path = SearchBarView.swift; sourceTree = "<group>"; };
		CBC9434D267FBB750033FD6C /* UIApplication.swift */ = {isa = PBXFileReference; lastKnownFileType = sourcecode.swift; path = UIApplication.swift; sourceTree = "<group>"; };
/* End PBXFileReference section */

/* Begin PBXFrameworksBuildPhase section */
		591F36F02675E37200930580 /* Frameworks */ = {
			isa = PBXFrameworksBuildPhase;
			buildActionMask = 2147483647;
			files = (
			);
			runOnlyForDeploymentPostprocessing = 0;
		};
/* End PBXFrameworksBuildPhase section */

/* Begin PBXGroup section */
		5909E8DB26770DAC007605D6 /* Modes */ = {
			isa = PBXGroup;
			children = (
				5909E8DC26770DC8007605D6 /* CoinModel.swift */,
			);
			path = Modes;
			sourceTree = "<group>";
		};
		5909E8E426775B0F007605D6 /* ViewModels */ = {
			isa = PBXGroup;
			children = (
				5909E8E526775B2D007605D6 /* HomeViewModel.swift */,
			);
			path = ViewModels;
			sourceTree = "<group>";
		};
		5909E8E726776CC0007605D6 /* Services */ = {
			isa = PBXGroup;
			children = (
				5909E8E826776CDF007605D6 /* CoinDataService.swift */,
				59AD01672679DA2800755D39 /* CoinImageService.swift */,
			);
			path = Services;
			sourceTree = "<group>";
		};
		591F36EA2675E37100930580 = {
			isa = PBXGroup;
			children = (
				591F36F52675E37200930580 /* CryptoApp */,
				591F36F42675E37200930580 /* Products */,
			);
			sourceTree = "<group>";
		};
		591F36F42675E37200930580 /* Products */ = {
			isa = PBXGroup;
			children = (
				591F36F32675E37200930580 /* CryptoApp.app */,
			);
			name = Products;
			sourceTree = "<group>";
		};
		591F36F52675E37200930580 /* CryptoApp */ = {
			isa = PBXGroup;
			children = (
				591F36F62675E37200930580 /* CryptoAppApp.swift */,
				59AD01612679BCDA00755D39 /* Utilities */,
				591F3705267609DC00930580 /* Extensions */,
				5909E8E726776CC0007605D6 /* Services */,
				5909E8DB26770DAC007605D6 /* Modes */,
				591F370826760C9500930580 /* Core */,
				591F36F82675E37200930580 /* ContentView.swift */,
				591F36FA2675E37900930580 /* Assets.xcassets */,
				591F36FF2675E37900930580 /* Info.plist */,
				591F36FC2675E37900930580 /* Preview Content */,
			);
			path = CryptoApp;
			sourceTree = "<group>";
		};
		591F36FC2675E37900930580 /* Preview Content */ = {
			isa = PBXGroup;
			children = (
				591F36FD2675E37900930580 /* Preview Assets.xcassets */,
			);
			path = "Preview Content";
			sourceTree = "<group>";
		};
		591F3705267609DC00930580 /* Extensions */ = {
			isa = PBXGroup;
			children = (
				591F3706267609FE00930580 /* Color.swift */,
				5909E8E02677219A007605D6 /* PreviewProvider.swift */,
				5909E8E226772915007605D6 /* Double.swift */,
				CBC9434D267FBB750033FD6C /* UIApplication.swift */,
			);
			path = Extensions;
			sourceTree = "<group>";
		};
		591F370826760C9500930580 /* Core */ = {
			isa = PBXGroup;
			children = (
				591F370D267610A300930580 /* Components */,
				591F370926760CA000930580 /* Home */,
			);
			path = Core;
			sourceTree = "<group>";
		};
		591F370926760CA000930580 /* Home */ = {
			isa = PBXGroup;
			children = (
				5909E8E426775B0F007605D6 /* ViewModels */,
				591F370A26760CA600930580 /* Views */,
			);
			path = Home;
			sourceTree = "<group>";
		};
		591F370A26760CA600930580 /* Views */ = {
			isa = PBXGroup;
			children = (
				591F370B26760CB500930580 /* HomeView.swift */,
				5909E8DE267720AC007605D6 /* CoinRowView.swift */,
			);
			path = Views;
			sourceTree = "<group>";
		};
		591F370D267610A300930580 /* Components */ = {
			isa = PBXGroup;
			children = (
				59AD01642679D5CF00755D39 /* CoinImage */,
				591F370E267610B000930580 /* CircleButton */,
				CBC9434B267FAAE20033FD6C /* SearchBarView.swift */,
			);
			path = Components;
			sourceTree = "<group>";
		};
		591F370E267610B000930580 /* CircleButton */ = {
			isa = PBXGroup;
			children = (
				591F370F267610CB00930580 /* CircleButtonView.swift */,
				591F37112676273000930580 /* CircleButtonAnimationView.swift */,
			);
			path = CircleButton;
			sourceTree = "<group>";
		};
		59AD01612679BCDA00755D39 /* Utilities */ = {
			isa = PBXGroup;
			children = (
				59AD01622679BD4900755D39 /* NetworkingManager.swift */,
				59AD016B267A0F3B00755D39 /* LocalFileManager.swift */,
			);
			path = Utilities;
			sourceTree = "<group>";
		};
		59AD01642679D5CF00755D39 /* CoinImage */ = {
			isa = PBXGroup;
			children = (
				59AD01652679D66E00755D39 /* CoinImageView.swift */,
				59AD01692679DC5F00755D39 /* CoinImageViewModel.swift */,
			);
			path = CoinImage;
			sourceTree = "<group>";
		};
/* End PBXGroup section */

/* Begin PBXNativeTarget section */
		591F36F22675E37200930580 /* CryptoApp */ = {
			isa = PBXNativeTarget;
			buildConfigurationList = 591F37022675E37900930580 /* Build configuration list for PBXNativeTarget "CryptoApp" */;
			buildPhases = (
				591F36EF2675E37200930580 /* Sources */,
				591F36F02675E37200930580 /* Frameworks */,
				591F36F12675E37200930580 /* Resources */,
			);
			buildRules = (
			);
			dependencies = (
			);
			name = CryptoApp;
			productName = CryptoApp;
			productReference = 591F36F32675E37200930580 /* CryptoApp.app */;
			productType = "com.apple.product-type.application";
		};
/* End PBXNativeTarget section */

/* Begin PBXProject section */
		591F36EB2675E37100930580 /* Project object */ = {
			isa = PBXProject;
			attributes = {
				LastSwiftUpdateCheck = 1250;
				LastUpgradeCheck = 1250;
				TargetAttributes = {
					591F36F22675E37200930580 = {
						CreatedOnToolsVersion = 12.5;
					};
				};
			};
			buildConfigurationList = 591F36EE2675E37200930580 /* Build configuration list for PBXProject "CryptoApp" */;
			compatibilityVersion = "Xcode 9.3";
			developmentRegion = en;
			hasScannedForEncodings = 0;
			knownRegions = (
				en,
				Base,
			);
			mainGroup = 591F36EA2675E37100930580;
			productRefGroup = 591F36F42675E37200930580 /* Products */;
			projectDirPath = "";
			projectRoot = "";
			targets = (
				591F36F22675E37200930580 /* CryptoApp */,
			);
		};
/* End PBXProject section */

/* Begin PBXResourcesBuildPhase section */
		591F36F12675E37200930580 /* Resources */ = {
			isa = PBXResourcesBuildPhase;
			buildActionMask = 2147483647;
			files = (
				591F36FE2675E37900930580 /* Preview Assets.xcassets in Resources */,
				591F36FB2675E37900930580 /* Assets.xcassets in Resources */,
			);
			runOnlyForDeploymentPostprocessing = 0;
		};
/* End PBXResourcesBuildPhase section */

/* Begin PBXSourcesBuildPhase section */
		591F36EF2675E37200930580 /* Sources */ = {
			isa = PBXSourcesBuildPhase;
			buildActionMask = 2147483647;
			files = (
				5909E8E926776CDF007605D6 /* CoinDataService.swift in Sources */,
				5909E8DF267720AC007605D6 /* CoinRowView.swift in Sources */,
				5909E8E626775B2D007605D6 /* HomeViewModel.swift in Sources */,
				591F36F92675E37200930580 /* ContentView.swift in Sources */,
				59AD016C267A0F3B00755D39 /* LocalFileManager.swift in Sources */,
				591F370C26760CB500930580 /* HomeView.swift in Sources */,
				59AD01662679D66E00755D39 /* CoinImageView.swift in Sources */,
				591F36F72675E37200930580 /* CryptoAppApp.swift in Sources */,
				CBC9434E267FBB750033FD6C /* UIApplication.swift in Sources */,
				591F3710267610CB00930580 /* CircleButtonView.swift in Sources */,
				591F3707267609FE00930580 /* Color.swift in Sources */,
				CBC9434C267FAAE20033FD6C /* SearchBarView.swift in Sources */,
				59AD01632679BD4900755D39 /* NetworkingManager.swift in Sources */,
				591F37122676273000930580 /* CircleButtonAnimationView.swift in Sources */,
				59AD016A2679DC5F00755D39 /* CoinImageViewModel.swift in Sources */,
				5909E8E12677219B007605D6 /* PreviewProvider.swift in Sources */,
				5909E8E326772915007605D6 /* Double.swift in Sources */,
				59AD01682679DA2800755D39 /* CoinImageService.swift in Sources */,
				5909E8DD26770DC8007605D6 /* CoinModel.swift in Sources */,
			);
			runOnlyForDeploymentPostprocessing = 0;
		};
/* End PBXSourcesBuildPhase section */

/* Begin XCBuildConfiguration section */
		591F37002675E37900930580 /* Debug */ = {
			isa = XCBuildConfiguration;
			buildSettings = {
				ALWAYS_SEARCH_USER_PATHS = NO;
				CLANG_ANALYZER_NONNULL = YES;
				CLANG_ANALYZER_NUMBER_OBJECT_CONVERSION = YES_AGGRESSIVE;
				CLANG_CXX_LANGUAGE_STANDARD = "gnu++14";
				CLANG_CXX_LIBRARY = "libc++";
				CLANG_ENABLE_MODULES = YES;
				CLANG_ENABLE_OBJC_ARC = YES;
				CLANG_ENABLE_OBJC_WEAK = YES;
				CLANG_WARN_BLOCK_CAPTURE_AUTORELEASING = YES;
				CLANG_WARN_BOOL_CONVERSION = YES;
				CLANG_WARN_COMMA = YES;
				CLANG_WARN_CONSTANT_CONVERSION = YES;
				CLANG_WARN_DEPRECATED_OBJC_IMPLEMENTATIONS = YES;
				CLANG_WARN_DIRECT_OBJC_ISA_USAGE = YES_ERROR;
				CLANG_WARN_DOCUMENTATION_COMMENTS = YES;
				CLANG_WARN_EMPTY_BODY = YES;
				CLANG_WARN_ENUM_CONVERSION = YES;
				CLANG_WARN_INFINITE_RECURSION = YES;
				CLANG_WARN_INT_CONVERSION = YES;
				CLANG_WARN_NON_LITERAL_NULL_CONVERSION = YES;
				CLANG_WARN_OBJC_IMPLICIT_RETAIN_SELF = YES;
				CLANG_WARN_OBJC_LITERAL_CONVERSION = YES;
				CLANG_WARN_OBJC_ROOT_CLASS = YES_ERROR;
				CLANG_WARN_QUOTED_INCLUDE_IN_FRAMEWORK_HEADER = YES;
				CLANG_WARN_RANGE_LOOP_ANALYSIS = YES;
				CLANG_WARN_STRICT_PROTOTYPES = YES;
				CLANG_WARN_SUSPICIOUS_MOVE = YES;
				CLANG_WARN_UNGUARDED_AVAILABILITY = YES_AGGRESSIVE;
				CLANG_WARN_UNREACHABLE_CODE = YES;
				CLANG_WARN__DUPLICATE_METHOD_MATCH = YES;
				COPY_PHASE_STRIP = NO;
				DEBUG_INFORMATION_FORMAT = dwarf;
				ENABLE_STRICT_OBJC_MSGSEND = YES;
				ENABLE_TESTABILITY = YES;
				GCC_C_LANGUAGE_STANDARD = gnu11;
				GCC_DYNAMIC_NO_PIC = NO;
				GCC_NO_COMMON_BLOCKS = YES;
				GCC_OPTIMIZATION_LEVEL = 0;
				GCC_PREPROCESSOR_DEFINITIONS = (
					"DEBUG=1",
					"$(inherited)",
				);
				GCC_WARN_64_TO_32_BIT_CONVERSION = YES;
				GCC_WARN_ABOUT_RETURN_TYPE = YES_ERROR;
				GCC_WARN_UNDECLARED_SELECTOR = YES;
				GCC_WARN_UNINITIALIZED_AUTOS = YES_AGGRESSIVE;
				GCC_WARN_UNUSED_FUNCTION = YES;
				GCC_WARN_UNUSED_VARIABLE = YES;
				IPHONEOS_DEPLOYMENT_TARGET = 14.5;
				MTL_ENABLE_DEBUG_INFO = INCLUDE_SOURCE;
				MTL_FAST_MATH = YES;
				ONLY_ACTIVE_ARCH = YES;
				SDKROOT = iphoneos;
				SWIFT_ACTIVE_COMPILATION_CONDITIONS = DEBUG;
				SWIFT_OPTIMIZATION_LEVEL = "-Onone";
			};
			name = Debug;
		};
		591F37012675E37900930580 /* Release */ = {
			isa = XCBuildConfiguration;
			buildSettings = {
				ALWAYS_SEARCH_USER_PATHS = NO;
				CLANG_ANALYZER_NONNULL = YES;
				CLANG_ANALYZER_NUMBER_OBJECT_CONVERSION = YES_AGGRESSIVE;
				CLANG_CXX_LANGUAGE_STANDARD = "gnu++14";
				CLANG_CXX_LIBRARY = "libc++";
				CLANG_ENABLE_MODULES = YES;
				CLANG_ENABLE_OBJC_ARC = YES;
				CLANG_ENABLE_OBJC_WEAK = YES;
				CLANG_WARN_BLOCK_CAPTURE_AUTORELEASING = YES;
				CLANG_WARN_BOOL_CONVERSION = YES;
				CLANG_WARN_COMMA = YES;
				CLANG_WARN_CONSTANT_CONVERSION = YES;
				CLANG_WARN_DEPRECATED_OBJC_IMPLEMENTATIONS = YES;
				CLANG_WARN_DIRECT_OBJC_ISA_USAGE = YES_ERROR;
				CLANG_WARN_DOCUMENTATION_COMMENTS = YES;
				CLANG_WARN_EMPTY_BODY = YES;
				CLANG_WARN_ENUM_CONVERSION = YES;
				CLANG_WARN_INFINITE_RECURSION = YES;
				CLANG_WARN_INT_CONVERSION = YES;
				CLANG_WARN_NON_LITERAL_NULL_CONVERSION = YES;
				CLANG_WARN_OBJC_IMPLICIT_RETAIN_SELF = YES;
				CLANG_WARN_OBJC_LITERAL_CONVERSION = YES;
				CLANG_WARN_OBJC_ROOT_CLASS = YES_ERROR;
				CLANG_WARN_QUOTED_INCLUDE_IN_FRAMEWORK_HEADER = YES;
				CLANG_WARN_RANGE_LOOP_ANALYSIS = YES;
				CLANG_WARN_STRICT_PROTOTYPES = YES;
				CLANG_WARN_SUSPICIOUS_MOVE = YES;
				CLANG_WARN_UNGUARDED_AVAILABILITY = YES_AGGRESSIVE;
				CLANG_WARN_UNREACHABLE_CODE = YES;
				CLANG_WARN__DUPLICATE_METHOD_MATCH = YES;
				COPY_PHASE_STRIP = NO;
				DEBUG_INFORMATION_FORMAT = "dwarf-with-dsym";
				ENABLE_NS_ASSERTIONS = NO;
				ENABLE_STRICT_OBJC_MSGSEND = YES;
				GCC_C_LANGUAGE_STANDARD = gnu11;
				GCC_NO_COMMON_BLOCKS = YES;
				GCC_WARN_64_TO_32_BIT_CONVERSION = YES;
				GCC_WARN_ABOUT_RETURN_TYPE = YES_ERROR;
				GCC_WARN_UNDECLARED_SELECTOR = YES;
				GCC_WARN_UNINITIALIZED_AUTOS = YES_AGGRESSIVE;
				GCC_WARN_UNUSED_FUNCTION = YES;
				GCC_WARN_UNUSED_VARIABLE = YES;
				IPHONEOS_DEPLOYMENT_TARGET = 14.5;
				MTL_ENABLE_DEBUG_INFO = NO;
				MTL_FAST_MATH = YES;
				SDKROOT = iphoneos;
				SWIFT_COMPILATION_MODE = wholemodule;
				SWIFT_OPTIMIZATION_LEVEL = "-O";
				VALIDATE_PRODUCT = YES;
			};
			name = Release;
		};
		591F37032675E37900930580 /* Debug */ = {
			isa = XCBuildConfiguration;
			buildSettings = {
				ASSETCATALOG_COMPILER_APPICON_NAME = AppIcon;
				ASSETCATALOG_COMPILER_GLOBAL_ACCENT_COLOR_NAME = AccentColor;
				CODE_SIGN_STYLE = Automatic;
				DEVELOPMENT_ASSET_PATHS = "\"CryptoApp/Preview Content\"";
				DEVELOPMENT_TEAM = 35J9KU527J;
				ENABLE_PREVIEWS = YES;
				INFOPLIST_FILE = CryptoApp/Info.plist;
				IPHONEOS_DEPLOYMENT_TARGET = 14.0;
				LD_RUNPATH_SEARCH_PATHS = (
					"$(inherited)",
					"@executable_path/Frameworks",
				);
				PRODUCT_BUNDLE_IDENTIFIER = com.shawkathHossain.CryptoApp;
				PRODUCT_NAME = "$(TARGET_NAME)";
				SWIFT_VERSION = 5.0;
				TARGETED_DEVICE_FAMILY = "1,2";
			};
			name = Debug;
		};
		591F37042675E37900930580 /* Release */ = {
			isa = XCBuildConfiguration;
			buildSettings = {
				ASSETCATALOG_COMPILER_APPICON_NAME = AppIcon;
				ASSETCATALOG_COMPILER_GLOBAL_ACCENT_COLOR_NAME = AccentColor;
				CODE_SIGN_STYLE = Automatic;
				DEVELOPMENT_ASSET_PATHS = "\"CryptoApp/Preview Content\"";
				DEVELOPMENT_TEAM = 35J9KU527J;
				ENABLE_PREVIEWS = YES;
				INFOPLIST_FILE = CryptoApp/Info.plist;
				IPHONEOS_DEPLOYMENT_TARGET = 14.0;
				LD_RUNPATH_SEARCH_PATHS = (
					"$(inherited)",
					"@executable_path/Frameworks",
				);
				PRODUCT_BUNDLE_IDENTIFIER = com.shawkathHossain.CryptoApp;
				PRODUCT_NAME = "$(TARGET_NAME)";
				SWIFT_VERSION = 5.0;
				TARGETED_DEVICE_FAMILY = "1,2";
			};
			name = Release;
		};
/* End XCBuildConfiguration section */

/* Begin XCConfigurationList section */
		591F36EE2675E37200930580 /* Build configuration list for PBXProject "CryptoApp" */ = {
			isa = XCConfigurationList;
			buildConfigurations = (
				591F37002675E37900930580 /* Debug */,
				591F37012675E37900930580 /* Release */,
			);
			defaultConfigurationIsVisible = 0;
			defaultConfigurationName = Release;
		};
		591F37022675E37900930580 /* Build configuration list for PBXNativeTarget "CryptoApp" */ = {
			isa = XCConfigurationList;
			buildConfigurations = (
				591F37032675E37900930580 /* Debug */,
				591F37042675E37900930580 /* Release */,
			);
			defaultConfigurationIsVisible = 0;
			defaultConfigurationName = Release;
		};
/* End XCConfigurationList section */
	};
	rootObject = 591F36EB2675E37100930580 /* Project object */;
}
